// !$*UTF8*$!
{
	archiveVersion = 1;
	classes = {
	};
	objectVersion = 46;
	objects = {

/* Begin PBXBuildFile section */
		4E6DE5D91DB471C100F9AA84 /* AddPhotoVC.swift in Sources */ = {isa = PBXBuildFile; fileRef = 4E6DE5D81DB471C100F9AA84 /* AddPhotoVC.swift */; };
		4EC911771DB470A800E50FE3 /* AppDelegate.swift in Sources */ = {isa = PBXBuildFile; fileRef = 4EC911761DB470A800E50FE3 /* AppDelegate.swift */; };
		4EC9117C1DB470A800E50FE3 /* Main.storyboard in Resources */ = {isa = PBXBuildFile; fileRef = 4EC9117A1DB470A800E50FE3 /* Main.storyboard */; };
		4EC9117E1DB470A800E50FE3 /* Assets.xcassets in Resources */ = {isa = PBXBuildFile; fileRef = 4EC9117D1DB470A800E50FE3 /* Assets.xcassets */; };
		4EC911811DB470A800E50FE3 /* LaunchScreen.storyboard in Resources */ = {isa = PBXBuildFile; fileRef = 4EC9117F1DB470A800E50FE3 /* LaunchScreen.storyboard */; };
/* End PBXBuildFile section */

/* Begin PBXFileReference section */
		4E6DE5D81DB471C100F9AA84 /* AddPhotoVC.swift */ = {isa = PBXFileReference; fileEncoding = 4; lastKnownFileType = sourcecode.swift; path = AddPhotoVC.swift; sourceTree = "<group>"; };
		4EC911731DB470A800E50FE3 /* PhotosJazz.app */ = {isa = PBXFileReference; explicitFileType = wrapper.application; includeInIndex = 0; path = PhotosJazz.app; sourceTree = BUILT_PRODUCTS_DIR; };
		4EC911761DB470A800E50FE3 /* AppDelegate.swift */ = {isa = PBXFileReference; lastKnownFileType = sourcecode.swift; path = AppDelegate.swift; sourceTree = "<group>"; };
		4EC9117B1DB470A800E50FE3 /* Base */ = {isa = PBXFileReference; lastKnownFileType = file.storyboard; name = Base; path = Base.lproj/Main.storyboard; sourceTree = "<group>"; };
		4EC9117D1DB470A800E50FE3 /* Assets.xcassets */ = {isa = PBXFileReference; lastKnownFileType = folder.assetcatalog; path = Assets.xcassets; sourceTree = "<group>"; };
		4EC911801DB470A800E50FE3 /* Base */ = {isa = PBXFileReference; lastKnownFileType = file.storyboard; name = Base; path = Base.lproj/LaunchScreen.storyboard; sourceTree = "<group>"; };
		4EC911821DB470A800E50FE3 /* Info.plist */ = {isa = PBXFileReference; lastKnownFileType = text.plist.xml; path = Info.plist; sourceTree = "<group>"; };
/* End PBXFileReference section */

/* Begin PBXFrameworksBuildPhase section */
		4EC911701DB470A800E50FE3 /* Frameworks */ = {
			isa = PBXFrameworksBuildPhase;
			buildActionMask = 2147483647;
			files = (
			);
			runOnlyForDeploymentPostprocessing = 0;
		};
/* End PBXFrameworksBuildPhase section */

/* Begin PBXGroup section */
		4E6DE5D71DB471A200F9AA84 /* Controller */ = {
			isa = PBXGroup;
			children = (
				4E6DE5D81DB471C100F9AA84 /* AddPhotoVC.swift */,
			);
			name = Controller;
			sourceTree = "<group>";
		};
		4EC9116A1DB470A800E50FE3 = {
			isa = PBXGroup;
			children = (
				4EC911751DB470A800E50FE3 /* PhotosJazz */,
				4EC911741DB470A800E50FE3 /* Products */,
			);
			sourceTree = "<group>";
		};
		4EC911741DB470A800E50FE3 /* Products */ = {
			isa = PBXGroup;
			children = (
				4EC911731DB470A800E50FE3 /* PhotosJazz.app */,
			);
			name = Products;
			sourceTree = "<group>";
		};
		4EC911751DB470A800E50FE3 /* PhotosJazz */ = {
			isa = PBXGroup;
			children = (
				4E6DE5D71DB471A200F9AA84 /* Controller */,
				4EC911761DB470A800E50FE3 /* AppDelegate.swift */,
				4EC9117A1DB470A800E50FE3 /* Main.storyboard */,
				4EC9117D1DB470A800E50FE3 /* Assets.xcassets */,
				4EC9117F1DB470A800E50FE3 /* LaunchScreen.storyboard */,
				4EC911821DB470A800E50FE3 /* Info.plist */,
			);
			path = PhotosJazz;
			sourceTree = "<group>";
		};
/* End PBXGroup section */

/* Begin PBXNativeTarget section */
		4EC911721DB470A800E50FE3 /* PhotosJazz */ = {
			isa = PBXNativeTarget;
			buildConfigurationList = 4EC911851DB470A800E50FE3 /* Build configuration list for PBXNativeTarget "PhotosJazz" */;
			buildPhases = (
				4EC9116F1DB470A800E50FE3 /* Sources */,
				4EC911701DB470A800E50FE3 /* Frameworks */,
				4EC911711DB470A800E50FE3 /* Resources */,
			);
			buildRules = (
			);
			dependencies = (
			);
			name = PhotosJazz;
			productName = PhotosJazz;
			productReference = 4EC911731DB470A800E50FE3 /* PhotosJazz.app */;
			productType = "com.apple.product-type.application";
		};
/* End PBXNativeTarget section */

/* Begin PBXProject section */
		4EC9116B1DB470A800E50FE3 /* Project object */ = {
			isa = PBXProject;
			attributes = {
				LastSwiftUpdateCheck = 0800;
				LastUpgradeCheck = 0800;
				ORGANIZATIONNAME = redwoodempiredev;
				TargetAttributes = {
					4EC911721DB470A800E50FE3 = {
						CreatedOnToolsVersion = 8.0;
						DevelopmentTeam = C66PLD3WQ6;
						ProvisioningStyle = Automatic;
					};
				};
			};
			buildConfigurationList = 4EC9116E1DB470A800E50FE3 /* Build configuration list for PBXProject "PhotosJazz" */;
			compatibilityVersion = "Xcode 3.2";
			developmentRegion = English;
			hasScannedForEncodings = 0;
			knownRegions = (
				en,
				Base,
			);
			mainGroup = 4EC9116A1DB470A800E50FE3;
			productRefGroup = 4EC911741DB470A800E50FE3 /* Products */;
			projectDirPath = "";
			projectRoot = "";
			targets = (
				4EC911721DB470A800E50FE3 /* PhotosJazz */,
			);
		};
/* End PBXProject section */

/* Begin PBXResourcesBuildPhase section */
		4EC911711DB470A800E50FE3 /* Resources */ = {
			isa = PBXResourcesBuildPhase;
			buildActionMask = 2147483647;
			files = (
				4EC911811DB470A800E50FE3 /* LaunchScreen.storyboard in Resources */,
				4EC9117E1DB470A800E50FE3 /* Assets.xcassets in Resources */,
				4EC9117C1DB470A800E50FE3 /* Main.storyboard in Resources */,
			);
			runOnlyForDeploymentPostprocessing = 0;
		};
/* End PBXResourcesBuildPhase section */

/* Begin PBXSourcesBuildPhase section */
		4EC9116F1DB470A800E50FE3 /* Sources */ = {
			isa = PBXSourcesBuildPhase;
			buildActionMask = 2147483647;
			files = (
				4E6DE5D91DB471C100F9AA84 /* AddPhotoVC.swift in Sources */,
				4EC911771DB470A800E50FE3 /* AppDelegate.swift in Sources */,
			);
			runOnlyForDeploymentPostprocessing = 0;
		};
/* End PBXSourcesBuildPhase section */

/* Begin PBXVariantGroup section */
		4EC9117A1DB470A800E50FE3 /* Main.storyboard */ = {
			isa = PBXVariantGroup;
			children = (
				4EC9117B1DB470A800E50FE3 /* Base */,
			);
			name = Main.storyboard;
			sourceTree = "<group>";
		};
		4EC9117F1DB470A800E50FE3 /* LaunchScreen.storyboard */ = {
			isa = PBXVariantGroup;
			children = (
				4EC911801DB470A800E50FE3 /* Base */,
			);
			name = LaunchScreen.storyboard;
			sourceTree = "<group>";
		};
/* End PBXVariantGroup section */

/* Begin XCBuildConfiguration section */
		4EC911831DB470A800E50FE3 /* Debug */ = {
			isa = XCBuildConfiguration;
			buildSettings = {
				ALWAYS_SEARCH_USER_PATHS = NO;
				CLANG_ANALYZER_NONNULL = YES;
				CLANG_CXX_LANGUAGE_STANDARD = "gnu++0x";
				CLANG_CXX_LIBRARY = "libc++";
				CLANG_ENABLE_MODULES = YES;
				CLANG_ENABLE_OBJC_ARC = YES;
				CLANG_WARN_BOOL_CONVERSION = YES;
				CLANG_WARN_CONSTANT_CONVERSION = YES;
				CLANG_WARN_DIRECT_OBJC_ISA_USAGE = YES_ERROR;
				CLANG_WARN_DOCUMENTATION_COMMENTS = YES;
				CLANG_WARN_EMPTY_BODY = YES;
				CLANG_WARN_ENUM_CONVERSION = YES;
				CLANG_WARN_INFINITE_RECURSION = YES;
				CLANG_WARN_INT_CONVERSION = YES;
				CLANG_WARN_OBJC_ROOT_CLASS = YES_ERROR;
				CLANG_WARN_SUSPICIOUS_MOVES = YES;
				CLANG_WARN_UNREACHABLE_CODE = YES;
				CLANG_WARN__DUPLICATE_METHOD_MATCH = YES;
				"CODE_SIGN_IDENTITY[sdk=iphoneos*]" = "iPhone Developer";
				COPY_PHASE_STRIP = NO;
				DEBUG_INFORMATION_FORMAT = dwarf;
				ENABLE_STRICT_OBJC_MSGSEND = YES;
				ENABLE_TESTABILITY = YES;
				GCC_C_LANGUAGE_STANDARD = gnu99;
				GCC_DYNAMIC_NO_PIC = NO;
				GCC_NO_COMMON_BLOCKS = YES;
				GCC_OPTIMIZATION_LEVEL = 0;
				GCC_PREPROCESSOR_DEFINITIONS = (
					"DEBUG=1",
					"$(inherited)",
				);
				GCC_WARN_64_TO_32_BIT_CONVERSION = YES;
				GCC_WARN_ABOUT_RETURN_TYPE = YES_ERROR;
				GCC_WARN_UNDECLARED_SELECTOR = YES;
				GCC_WARN_UNINITIALIZED_AUTOS = YES_AGGRESSIVE;
				GCC_WARN_UNUSED_FUNCTION = YES;
				GCC_WARN_UNUSED_VARIABLE = YES;
				IPHONEOS_DEPLOYMENT_TARGET = 10.0;
				MTL_ENABLE_DEBUG_INFO = YES;
				ONLY_ACTIVE_ARCH = YES;
				SDKROOT = iphoneos;
				SWIFT_ACTIVE_COMPILATION_CONDITIONS = DEBUG;
				SWIFT_OPTIMIZATION_LEVEL = "-Onone";
			};
			name = Debug;
		};
		4EC911841DB470A800E50FE3 /* Release */ = {
			isa = XCBuildConfiguration;
			buildSettings = {
				ALWAYS_SEARCH_USER_PATHS = NO;
				CLANG_ANALYZER_NONNULL = YES;
				CLANG_CXX_LANGUAGE_STANDARD = "gnu++0x";
				CLANG_CXX_LIBRARY = "libc++";
				CLANG_ENABLE_MODULES = YES;
				CLANG_ENABLE_OBJC_ARC = YES;
				CLANG_WARN_BOOL_CONVERSION = YES;
				CLANG_WARN_CONSTANT_CONVERSION = YES;
				CLANG_WARN_DIRECT_OBJC_ISA_USAGE = YES_ERROR;
				CLANG_WARN_DOCUMENTATION_COMMENTS = YES;
				CLANG_WARN_EMPTY_BODY = YES;
				CLANG_WARN_ENUM_CONVERSION = YES;
				CLANG_WARN_INFINITE_RECURSION = YES;
				CLANG_WARN_INT_CONVERSION = YES;
				CLANG_WARN_OBJC_ROOT_CLASS = YES_ERROR;
				CLANG_WARN_SUSPICIOUS_MOVES = YES;
				CLANG_WARN_UNREACHABLE_CODE = YES;
				CLANG_WARN__DUPLICATE_METHOD_MATCH = YES;
				"CODE_SIGN_IDENTITY[sdk=iphoneos*]" = "iPhone Developer";
				COPY_PHASE_STRIP = NO;
				DEBUG_INFORMATION_FORMAT = "dwarf-with-dsym";
				ENABLE_NS_ASSERTIONS = NO;
				ENABLE_STRICT_OBJC_MSGSEND = YES;
				GCC_C_LANGUAGE_STANDARD = gnu99;
				GCC_NO_COMMON_BLOCKS = YES;
				GCC_WARN_64_TO_32_BIT_CONVERSION = YES;
				GCC_WARN_ABOUT_RETURN_TYPE = YES_ERROR;
				GCC_WARN_UNDECLARED_SELECTOR = YES;
				GCC_WARN_UNINITIALIZED_AUTOS = YES_AGGRESSIVE;
				GCC_WARN_UNUSED_FUNCTION = YES;
				GCC_WARN_UNUSED_VARIABLE = YES;
				IPHONEOS_DEPLOYMENT_TARGET = 10.0;
				MTL_ENABLE_DEBUG_INFO = NO;
				SDKROOT = iphoneos;
				SWIFT_OPTIMIZATION_LEVEL = "-Owholemodule";
				VALIDATE_PRODUCT = YES;
			};
			name = Release;
		};
		4EC911861DB470A800E50FE3 /* Debug */ = {
			isa = XCBuildConfiguration;
			buildSettings = {
				ASSETCATALOG_COMPILER_APPICON_NAME = AppIcon;
				DEVELOPMENT_TEAM = C66PLD3WQ6;
				INFOPLIST_FILE = PhotosJazz/Info.plist;
				LD_RUNPATH_SEARCH_PATHS = "$(inherited) @executable_path/Frameworks";
				PRODUCT_BUNDLE_IDENTIFIER = com.redwoodempiredev.PhotosJazz;
				PRODUCT_NAME = "$(TARGET_NAME)";
				SWIFT_VERSION = 3.0;
			};
			name = Debug;
		};
		4EC911871DB470A800E50FE3 /* Release */ = {
			isa = XCBuildConfiguration;
			buildSettings = {
				ASSETCATALOG_COMPILER_APPICON_NAME = AppIcon;
				DEVELOPMENT_TEAM = C66PLD3WQ6;
				INFOPLIST_FILE = PhotosJazz/Info.plist;
				LD_RUNPATH_SEARCH_PATHS = "$(inherited) @executable_path/Frameworks";
				PRODUCT_BUNDLE_IDENTIFIER = com.redwoodempiredev.PhotosJazz;
				PRODUCT_NAME = "$(TARGET_NAME)";
				SWIFT_VERSION = 3.0;
			};
			name = Release;
		};
/* End XCBuildConfiguration section */

/* Begin XCConfigurationList section */
		4EC9116E1DB470A800E50FE3 /* Build configuration list for PBXProject "PhotosJazz" */ = {
			isa = XCConfigurationList;
			buildConfigurations = (
				4EC911831DB470A800E50FE3 /* Debug */,
				4EC911841DB470A800E50FE3 /* Release */,
			);
			defaultConfigurationIsVisible = 0;
			defaultConfigurationName = Release;
		};
		4EC911851DB470A800E50FE3 /* Build configuration list for PBXNativeTarget "PhotosJazz" */ = {
			isa = XCConfigurationList;
			buildConfigurations = (
				4EC911861DB470A800E50FE3 /* Debug */,
				4EC911871DB470A800E50FE3 /* Release */,
			);
			defaultConfigurationIsVisible = 0;
			defaultConfigurationName = Release;
		};
/* End XCConfigurationList section */
	};
	rootObject = 4EC9116B1DB470A800E50FE3 /* Project object */;
}
